
Microsoft Visual Studio Solution File, Format Version 12.00
# Visual Studio 15
Project("{FAE04EC0-301F-11D3-BF4B-00C04F79EFBC}") = "Assembly-CSharp", "Assembly-CSharp.csproj", "{4C1BCA99-BFA9-D9E3-9E38-10BE41A38D0F}"
EndProject
Project("{FAE04EC0-301F-11D3-BF4B-00C04F79EFBC}") = "Assembly-CSharp-Editor", "Assembly-CSharp-Editor.csproj", "{75308BA1-7072-27D0-30BF-93202001A53A}"
EndProject
Global
	GlobalSection(SolutionConfigurationPlatforms) = preSolution
		Debug|Any CPU = Debug|Any CPU
		Release|Any CPU = Release|Any CPU
	EndGlobalSection
	GlobalSection(ProjectConfigurationPlatforms) = postSolution
		{4C1BCA99-BFA9-D9E3-9E38-10BE41A38D0F}.Debug|Any CPU.ActiveCfg = Debug|Any CPU
		{4C1BCA99-BFA9-D9E3-9E38-10BE41A38D0F}.Debug|Any CPU.Build.0 = Debug|Any CPU
		{4C1BCA99-BFA9-D9E3-9E38-10BE41A38D0F}.Release|Any CPU.ActiveCfg = Release|Any CPU
		{4C1BCA99-BFA9-D9E3-9E38-10BE41A38D0F}.Release|Any CPU.Build.0 = Release|Any CPU
		{75308BA1-7072-27D0-30BF-93202001A53A}.Debug|Any CPU.ActiveCfg = Debug|Any CPU
		{75308BA1-7072-27D0-30BF-93202001A53A}.Debug|Any CPU.Build.0 = Debug|Any CPU
		{75308BA1-7072-27D0-30BF-93202001A53A}.Release|Any CPU.ActiveCfg = Release|Any CPU
		{75308BA1-7072-27D0-30BF-93202001A53A}.Release|Any CPU.Build.0 = Release|Any CPU
	EndGlobalSection
	GlobalSection(SolutionProperties) = preSolution
		HideSolutionNode = FALSE
	EndGlobalSection
EndGlobal
